GIT
  remote: git://github.com/trobrock/chefvm-puppet.git
  ref: master
  sha: 14ee7766d500dd5d83a1f753eecbf97f9e698f8b
  specs:
    chefvm (0.0.1)

GIT
  remote: git://github.com/trobrock/puppet-homebrew.git
  ref: more-env-fixes
  sha: db3c62b0d628aa55c045354cb08bcbcff5b81d4f
  specs:
    bjoernalbers/homebrew (0.1.0)

DEPENDENCIES
  bjoernalbers/homebrew (>= 0)
  chefvm (>= 0)

